
Microsoft Visual Studio Solution File, Format Version 12.00
# Visual Studio Version 17
VisualStudioVersion = 17.11.35312.102
MinimumVisualStudioVersion = 10.0.40219.1
Project("{FAE04EC0-301F-11D3-BF4B-00C04F79EFBC}") = "dldld", "dldld\dldld.csproj", "{6BAA397D-3C17-4BC7-9DC2-2B859A57F7B6}"
EndProject
Global
	GlobalSection(SolutionConfigurationPlatforms) = preSolution
		Debug|Any CPU = Debug|Any CPU
		Release|Any CPU = Release|Any CPU
	EndGlobalSection
	GlobalSection(ProjectConfigurationPlatforms) = postSolution
		{6BAA397D-3C17-4BC7-9DC2-2B859A57F7B6}.Debug|Any CPU.ActiveCfg = Debug|Any CPU
		{6BAA397D-3C17-4BC7-9DC2-2B859A57F7B6}.Debug|Any CPU.Build.0 = Debug|Any CPU
		{6BAA397D-3C17-4BC7-9DC2-2B859A57F7B6}.Release|Any CPU.ActiveCfg = Release|Any CPU
		{6BAA397D-3C17-4BC7-9DC2-2B859A57F7B6}.Release|Any CPU.Build.0 = Release|Any CPU
	EndGlobalSection
	GlobalSection(SolutionProperties) = preSolution
		HideSolutionNode = FALSE
	EndGlobalSection
	GlobalSection(ExtensibilityGlobals) = postSolution
		SolutionGuid = {670A9AFE-06FD-416E-9810-E5666DF52213}
	EndGlobalSection
EndGlobal
