
Microsoft Visual Studio Solution File, Format Version 12.00
# Visual Studio Version 17
VisualStudioVersion = 17.11.35312.102
MinimumVisualStudioVersion = 10.0.40219.1
Project("{FAE04EC0-301F-11D3-BF4B-00C04F79EFBC}") = "Обработка исключений", "Обработка исключений\Обработка исключений.csproj", "{5CFBE7F7-D74B-4A40-9894-C561230914C1}"
EndProject
Global
	GlobalSection(SolutionConfigurationPlatforms) = preSolution
		Debug|Any CPU = Debug|Any CPU
		Release|Any CPU = Release|Any CPU
	EndGlobalSection
	GlobalSection(ProjectConfigurationPlatforms) = postSolution
		{5CFBE7F7-D74B-4A40-9894-C561230914C1}.Debug|Any CPU.ActiveCfg = Debug|Any CPU
		{5CFBE7F7-D74B-4A40-9894-C561230914C1}.Debug|Any CPU.Build.0 = Debug|Any CPU
		{5CFBE7F7-D74B-4A40-9894-C561230914C1}.Release|Any CPU.ActiveCfg = Release|Any CPU
		{5CFBE7F7-D74B-4A40-9894-C561230914C1}.Release|Any CPU.Build.0 = Release|Any CPU
	EndGlobalSection
	GlobalSection(SolutionProperties) = preSolution
		HideSolutionNode = FALSE
	EndGlobalSection
	GlobalSection(ExtensibilityGlobals) = postSolution
		SolutionGuid = {3017D26C-D9CC-4485-93A9-1150CFE7DC74}
	EndGlobalSection
EndGlobal
